// !$*UTF8*$!
{
	archiveVersion = 1;
	classes = {
	};
	objectVersion = 50;
	objects = {

/* Begin PBXBuildFile section */
		4A118684211C109100FB4723 /* AppDelegate.swift in Sources */ = {isa = PBXBuildFile; fileRef = 4A118683211C109100FB4723 /* AppDelegate.swift */; };
		4A118686211C109100FB4723 /* ViewController.swift in Sources */ = {isa = PBXBuildFile; fileRef = 4A118685211C109100FB4723 /* ViewController.swift */; };
		4A118689211C109100FB4723 /* Main.storyboard in Resources */ = {isa = PBXBuildFile; fileRef = 4A118687211C109100FB4723 /* Main.storyboard */; };
		4A11868C211C109100FB4723 /* OneListen.xcdatamodeld in Sources */ = {isa = PBXBuildFile; fileRef = 4A11868A211C109100FB4723 /* OneListen.xcdatamodeld */; };
		4A11868E211C109300FB4723 /* Assets.xcassets in Resources */ = {isa = PBXBuildFile; fileRef = 4A11868D211C109300FB4723 /* Assets.xcassets */; };
		4A118691211C109300FB4723 /* LaunchScreen.storyboard in Resources */ = {isa = PBXBuildFile; fileRef = 4A11868F211C109300FB4723 /* LaunchScreen.storyboard */; };
		4A11869C211C109300FB4723 /* OneListenTests.swift in Sources */ = {isa = PBXBuildFile; fileRef = 4A11869B211C109300FB4723 /* OneListenTests.swift */; };
		4A1186A7211C109300FB4723 /* OneListenUITests.swift in Sources */ = {isa = PBXBuildFile; fileRef = 4A1186A6211C109300FB4723 /* OneListenUITests.swift */; };
/* End PBXBuildFile section */

/* Begin PBXContainerItemProxy section */
		4A118698211C109300FB4723 /* PBXContainerItemProxy */ = {
			isa = PBXContainerItemProxy;
			containerPortal = 4A118678211C109100FB4723 /* Project object */;
			proxyType = 1;
			remoteGlobalIDString = 4A11867F211C109100FB4723;
			remoteInfo = OneListen;
		};
		4A1186A3211C109300FB4723 /* PBXContainerItemProxy */ = {
			isa = PBXContainerItemProxy;
			containerPortal = 4A118678211C109100FB4723 /* Project object */;
			proxyType = 1;
			remoteGlobalIDString = 4A11867F211C109100FB4723;
			remoteInfo = OneListen;
		};
/* End PBXContainerItemProxy section */

/* Begin PBXFileReference section */
		4A118680211C109100FB4723 /* OneListen.app */ = {isa = PBXFileReference; explicitFileType = wrapper.application; includeInIndex = 0; path = OneListen.app; sourceTree = BUILT_PRODUCTS_DIR; };
		4A118683211C109100FB4723 /* AppDelegate.swift */ = {isa = PBXFileReference; lastKnownFileType = sourcecode.swift; path = AppDelegate.swift; sourceTree = "<group>"; };
		4A118685211C109100FB4723 /* ViewController.swift */ = {isa = PBXFileReference; lastKnownFileType = sourcecode.swift; path = ViewController.swift; sourceTree = "<group>"; };
		4A118688211C109100FB4723 /* Base */ = {isa = PBXFileReference; lastKnownFileType = file.storyboard; name = Base; path = Base.lproj/Main.storyboard; sourceTree = "<group>"; };
		4A11868B211C109100FB4723 /* OneListen.xcdatamodel */ = {isa = PBXFileReference; lastKnownFileType = wrapper.xcdatamodel; path = OneListen.xcdatamodel; sourceTree = "<group>"; };
		4A11868D211C109300FB4723 /* Assets.xcassets */ = {isa = PBXFileReference; lastKnownFileType = folder.assetcatalog; path = Assets.xcassets; sourceTree = "<group>"; };
		4A118690211C109300FB4723 /* Base */ = {isa = PBXFileReference; lastKnownFileType = file.storyboard; name = Base; path = Base.lproj/LaunchScreen.storyboard; sourceTree = "<group>"; };
		4A118692211C109300FB4723 /* Info.plist */ = {isa = PBXFileReference; lastKnownFileType = text.plist.xml; path = Info.plist; sourceTree = "<group>"; };
		4A118697211C109300FB4723 /* OneListenTests.xctest */ = {isa = PBXFileReference; explicitFileType = wrapper.cfbundle; includeInIndex = 0; path = OneListenTests.xctest; sourceTree = BUILT_PRODUCTS_DIR; };
		4A11869B211C109300FB4723 /* OneListenTests.swift */ = {isa = PBXFileReference; lastKnownFileType = sourcecode.swift; path = OneListenTests.swift; sourceTree = "<group>"; };
		4A11869D211C109300FB4723 /* Info.plist */ = {isa = PBXFileReference; lastKnownFileType = text.plist.xml; path = Info.plist; sourceTree = "<group>"; };
		4A1186A2211C109300FB4723 /* OneListenUITests.xctest */ = {isa = PBXFileReference; explicitFileType = wrapper.cfbundle; includeInIndex = 0; path = OneListenUITests.xctest; sourceTree = BUILT_PRODUCTS_DIR; };
		4A1186A6211C109300FB4723 /* OneListenUITests.swift */ = {isa = PBXFileReference; lastKnownFileType = sourcecode.swift; path = OneListenUITests.swift; sourceTree = "<group>"; };
		4A1186A8211C109300FB4723 /* Info.plist */ = {isa = PBXFileReference; lastKnownFileType = text.plist.xml; path = Info.plist; sourceTree = "<group>"; };
/* End PBXFileReference section */

/* Begin PBXFrameworksBuildPhase section */
		4A11867D211C109100FB4723 /* Frameworks */ = {
			isa = PBXFrameworksBuildPhase;
			buildActionMask = 2147483647;
			files = (
			);
			runOnlyForDeploymentPostprocessing = 0;
		};
		4A118694211C109300FB4723 /* Frameworks */ = {
			isa = PBXFrameworksBuildPhase;
			buildActionMask = 2147483647;
			files = (
			);
			runOnlyForDeploymentPostprocessing = 0;
		};
		4A11869F211C109300FB4723 /* Frameworks */ = {
			isa = PBXFrameworksBuildPhase;
			buildActionMask = 2147483647;
			files = (
			);
			runOnlyForDeploymentPostprocessing = 0;
		};
/* End PBXFrameworksBuildPhase section */

/* Begin PBXGroup section */
		4A118677211C109100FB4723 = {
			isa = PBXGroup;
			children = (
				4A118682211C109100FB4723 /* OneListen */,
				4A11869A211C109300FB4723 /* OneListenTests */,
				4A1186A5211C109300FB4723 /* OneListenUITests */,
				4A118681211C109100FB4723 /* Products */,
			);
			sourceTree = "<group>";
		};
		4A118681211C109100FB4723 /* Products */ = {
			isa = PBXGroup;
			children = (
				4A118680211C109100FB4723 /* OneListen.app */,
				4A118697211C109300FB4723 /* OneListenTests.xctest */,
				4A1186A2211C109300FB4723 /* OneListenUITests.xctest */,
			);
			name = Products;
			sourceTree = "<group>";
		};
		4A118682211C109100FB4723 /* OneListen */ = {
			isa = PBXGroup;
			children = (
				4A118683211C109100FB4723 /* AppDelegate.swift */,
				4A118685211C109100FB4723 /* ViewController.swift */,
				4A118687211C109100FB4723 /* Main.storyboard */,
				4A11868D211C109300FB4723 /* Assets.xcassets */,
				4A11868F211C109300FB4723 /* LaunchScreen.storyboard */,
				4A118692211C109300FB4723 /* Info.plist */,
				4A11868A211C109100FB4723 /* OneListen.xcdatamodeld */,
			);
			path = OneListen;
			sourceTree = "<group>";
		};
		4A11869A211C109300FB4723 /* OneListenTests */ = {
			isa = PBXGroup;
			children = (
				4A11869B211C109300FB4723 /* OneListenTests.swift */,
				4A11869D211C109300FB4723 /* Info.plist */,
			);
			path = OneListenTests;
			sourceTree = "<group>";
		};
		4A1186A5211C109300FB4723 /* OneListenUITests */ = {
			isa = PBXGroup;
			children = (
				4A1186A6211C109300FB4723 /* OneListenUITests.swift */,
				4A1186A8211C109300FB4723 /* Info.plist */,
			);
			path = OneListenUITests;
			sourceTree = "<group>";
		};
/* End PBXGroup section */

/* Begin PBXNativeTarget section */
		4A11867F211C109100FB4723 /* OneListen */ = {
			isa = PBXNativeTarget;
			buildConfigurationList = 4A1186AB211C109300FB4723 /* Build configuration list for PBXNativeTarget "OneListen" */;
			buildPhases = (
				4A11867C211C109100FB4723 /* Sources */,
				4A11867D211C109100FB4723 /* Frameworks */,
				4A11867E211C109100FB4723 /* Resources */,
			);
			buildRules = (
			);
			dependencies = (
			);
			name = OneListen;
			productName = OneListen;
			productReference = 4A118680211C109100FB4723 /* OneListen.app */;
			productType = "com.apple.product-type.application";
		};
		4A118696211C109300FB4723 /* OneListenTests */ = {
			isa = PBXNativeTarget;
			buildConfigurationList = 4A1186AE211C109300FB4723 /* Build configuration list for PBXNativeTarget "OneListenTests" */;
			buildPhases = (
				4A118693211C109300FB4723 /* Sources */,
				4A118694211C109300FB4723 /* Frameworks */,
				4A118695211C109300FB4723 /* Resources */,
			);
			buildRules = (
			);
			dependencies = (
				4A118699211C109300FB4723 /* PBXTargetDependency */,
			);
			name = OneListenTests;
			productName = OneListenTests;
			productReference = 4A118697211C109300FB4723 /* OneListenTests.xctest */;
			productType = "com.apple.product-type.bundle.unit-test";
		};
		4A1186A1211C109300FB4723 /* OneListenUITests */ = {
			isa = PBXNativeTarget;
			buildConfigurationList = 4A1186B1211C109300FB4723 /* Build configuration list for PBXNativeTarget "OneListenUITests" */;
			buildPhases = (
				4A11869E211C109300FB4723 /* Sources */,
				4A11869F211C109300FB4723 /* Frameworks */,
				4A1186A0211C109300FB4723 /* Resources */,
			);
			buildRules = (
			);
			dependencies = (
				4A1186A4211C109300FB4723 /* PBXTargetDependency */,
			);
			name = OneListenUITests;
			productName = OneListenUITests;
			productReference = 4A1186A2211C109300FB4723 /* OneListenUITests.xctest */;
			productType = "com.apple.product-type.bundle.ui-testing";
		};
/* End PBXNativeTarget section */

/* Begin PBXProject section */
		4A118678211C109100FB4723 /* Project object */ = {
			isa = PBXProject;
			attributes = {
				LastSwiftUpdateCheck = 0940;
				LastUpgradeCheck = 0940;
				ORGANIZATIONNAME = HanYunpeng;
				TargetAttributes = {
					4A11867F211C109100FB4723 = {
						CreatedOnToolsVersion = 9.4.1;
					};
					4A118696211C109300FB4723 = {
						CreatedOnToolsVersion = 9.4.1;
						TestTargetID = 4A11867F211C109100FB4723;
					};
					4A1186A1211C109300FB4723 = {
						CreatedOnToolsVersion = 9.4.1;
						TestTargetID = 4A11867F211C109100FB4723;
					};
				};
			};
			buildConfigurationList = 4A11867B211C109100FB4723 /* Build configuration list for PBXProject "OneListen" */;
			compatibilityVersion = "Xcode 9.3";
			developmentRegion = en;
			hasScannedForEncodings = 0;
			knownRegions = (
				en,
				Base,
			);
			mainGroup = 4A118677211C109100FB4723;
			productRefGroup = 4A118681211C109100FB4723 /* Products */;
			projectDirPath = "";
			projectRoot = "";
			targets = (
				4A11867F211C109100FB4723 /* OneListen */,
				4A118696211C109300FB4723 /* OneListenTests */,
				4A1186A1211C109300FB4723 /* OneListenUITests */,
			);
		};
/* End PBXProject section */

/* Begin PBXResourcesBuildPhase section */
		4A11867E211C109100FB4723 /* Resources */ = {
			isa = PBXResourcesBuildPhase;
			buildActionMask = 2147483647;
			files = (
				4A118691211C109300FB4723 /* LaunchScreen.storyboard in Resources */,
				4A11868E211C109300FB4723 /* Assets.xcassets in Resources */,
				4A118689211C109100FB4723 /* Main.storyboard in Resources */,
			);
			runOnlyForDeploymentPostprocessing = 0;
		};
		4A118695211C109300FB4723 /* Resources */ = {
			isa = PBXResourcesBuildPhase;
			buildActionMask = 2147483647;
			files = (
			);
			runOnlyForDeploymentPostprocessing = 0;
		};
		4A1186A0211C109300FB4723 /* Resources */ = {
			isa = PBXResourcesBuildPhase;
			buildActionMask = 2147483647;
			files = (
			);
			runOnlyForDeploymentPostprocessing = 0;
		};
/* End PBXResourcesBuildPhase section */

/* Begin PBXSourcesBuildPhase section */
		4A11867C211C109100FB4723 /* Sources */ = {
			isa = PBXSourcesBuildPhase;
			buildActionMask = 2147483647;
			files = (
				4A118686211C109100FB4723 /* ViewController.swift in Sources */,
				4A11868C211C109100FB4723 /* OneListen.xcdatamodeld in Sources */,
				4A118684211C109100FB4723 /* AppDelegate.swift in Sources */,
			);
			runOnlyForDeploymentPostprocessing = 0;
		};
		4A118693211C109300FB4723 /* Sources */ = {
			isa = PBXSourcesBuildPhase;
			buildActionMask = 2147483647;
			files = (
				4A11869C211C109300FB4723 /* OneListenTests.swift in Sources */,
			);
			runOnlyForDeploymentPostprocessing = 0;
		};
		4A11869E211C109300FB4723 /* Sources */ = {
			isa = PBXSourcesBuildPhase;
			buildActionMask = 2147483647;
			files = (
				4A1186A7211C109300FB4723 /* OneListenUITests.swift in Sources */,
			);
			runOnlyForDeploymentPostprocessing = 0;
		};
/* End PBXSourcesBuildPhase section */

/* Begin PBXTargetDependency section */
		4A118699211C109300FB4723 /* PBXTargetDependency */ = {
			isa = PBXTargetDependency;
			target = 4A11867F211C109100FB4723 /* OneListen */;
			targetProxy = 4A118698211C109300FB4723 /* PBXContainerItemProxy */;
		};
		4A1186A4211C109300FB4723 /* PBXTargetDependency */ = {
			isa = PBXTargetDependency;
			target = 4A11867F211C109100FB4723 /* OneListen */;
			targetProxy = 4A1186A3211C109300FB4723 /* PBXContainerItemProxy */;
		};
/* End PBXTargetDependency section */

/* Begin PBXVariantGroup section */
		4A118687211C109100FB4723 /* Main.storyboard */ = {
			isa = PBXVariantGroup;
			children = (
				4A118688211C109100FB4723 /* Base */,
			);
			name = Main.storyboard;
			sourceTree = "<group>";
		};
		4A11868F211C109300FB4723 /* LaunchScreen.storyboard */ = {
			isa = PBXVariantGroup;
			children = (
				4A118690211C109300FB4723 /* Base */,
			);
			name = LaunchScreen.storyboard;
			sourceTree = "<group>";
		};
/* End PBXVariantGroup section */

/* Begin XCBuildConfiguration section */
		4A1186A9211C109300FB4723 /* Debug */ = {
			isa = XCBuildConfiguration;
			buildSettings = {
				ALWAYS_SEARCH_USER_PATHS = NO;
				CLANG_ANALYZER_NONNULL = YES;
				CLANG_ANALYZER_NUMBER_OBJECT_CONVERSION = YES_AGGRESSIVE;
				CLANG_CXX_LANGUAGE_STANDARD = "gnu++14";
				CLANG_CXX_LIBRARY = "libc++";
				CLANG_ENABLE_MODULES = YES;
				CLANG_ENABLE_OBJC_ARC = YES;
				CLANG_ENABLE_OBJC_WEAK = YES;
				CLANG_WARN_BLOCK_CAPTURE_AUTORELEASING = YES;
				CLANG_WARN_BOOL_CONVERSION = YES;
				CLANG_WARN_COMMA = YES;
				CLANG_WARN_CONSTANT_CONVERSION = YES;
				CLANG_WARN_DEPRECATED_OBJC_IMPLEMENTATIONS = YES;
				CLANG_WARN_DIRECT_OBJC_ISA_USAGE = YES_ERROR;
				CLANG_WARN_DOCUMENTATION_COMMENTS = YES;
				CLANG_WARN_EMPTY_BODY = YES;
				CLANG_WARN_ENUM_CONVERSION = YES;
				CLANG_WARN_INFINITE_RECURSION = YES;
				CLANG_WARN_INT_CONVERSION = YES;
				CLANG_WARN_NON_LITERAL_NULL_CONVERSION = YES;
				CLANG_WARN_OBJC_IMPLICIT_RETAIN_SELF = YES;
				CLANG_WARN_OBJC_LITERAL_CONVERSION = YES;
				CLANG_WARN_OBJC_ROOT_CLASS = YES_ERROR;
				CLANG_WARN_RANGE_LOOP_ANALYSIS = YES;
				CLANG_WARN_STRICT_PROTOTYPES = YES;
				CLANG_WARN_SUSPICIOUS_MOVE = YES;
				CLANG_WARN_UNGUARDED_AVAILABILITY = YES_AGGRESSIVE;
				CLANG_WARN_UNREACHABLE_CODE = YES;
				CLANG_WARN__DUPLICATE_METHOD_MATCH = YES;
				CODE_SIGN_IDENTITY = "iPhone Developer";
				COPY_PHASE_STRIP = NO;
				DEBUG_INFORMATION_FORMAT = dwarf;
				ENABLE_STRICT_OBJC_MSGSEND = YES;
				ENABLE_TESTABILITY = YES;
				GCC_C_LANGUAGE_STANDARD = gnu11;
				GCC_DYNAMIC_NO_PIC = NO;
				GCC_NO_COMMON_BLOCKS = YES;
				GCC_OPTIMIZATION_LEVEL = 0;
				GCC_PREPROCESSOR_DEFINITIONS = (
					"DEBUG=1",
					"$(inherited)",
				);
				GCC_WARN_64_TO_32_BIT_CONVERSION = YES;
				GCC_WARN_ABOUT_RETURN_TYPE = YES_ERROR;
				GCC_WARN_UNDECLARED_SELECTOR = YES;
				GCC_WARN_UNINITIALIZED_AUTOS = YES_AGGRESSIVE;
				GCC_WARN_UNUSED_FUNCTION = YES;
				GCC_WARN_UNUSED_VARIABLE = YES;
				IPHONEOS_DEPLOYMENT_TARGET = 11.4;
				MTL_ENABLE_DEBUG_INFO = YES;
				ONLY_ACTIVE_ARCH = YES;
				SDKROOT = iphoneos;
				SWIFT_ACTIVE_COMPILATION_CONDITIONS = DEBUG;
				SWIFT_OPTIMIZATION_LEVEL = "-Onone";
			};
			name = Debug;
		};
		4A1186AA211C109300FB4723 /* Release */ = {
			isa = XCBuildConfiguration;
			buildSettings = {
				ALWAYS_SEARCH_USER_PATHS = NO;
				CLANG_ANALYZER_NONNULL = YES;
				CLANG_ANALYZER_NUMBER_OBJECT_CONVERSION = YES_AGGRESSIVE;
				CLANG_CXX_LANGUAGE_STANDARD = "gnu++14";
				CLANG_CXX_LIBRARY = "libc++";
				CLANG_ENABLE_MODULES = YES;
				CLANG_ENABLE_OBJC_ARC = YES;
				CLANG_ENABLE_OBJC_WEAK = YES;
				CLANG_WARN_BLOCK_CAPTURE_AUTORELEASING = YES;
				CLANG_WARN_BOOL_CONVERSION = YES;
				CLANG_WARN_COMMA = YES;
				CLANG_WARN_CONSTANT_CONVERSION = YES;
				CLANG_WARN_DEPRECATED_OBJC_IMPLEMENTATIONS = YES;
				CLANG_WARN_DIRECT_OBJC_ISA_USAGE = YES_ERROR;
				CLANG_WARN_DOCUMENTATION_COMMENTS = YES;
				CLANG_WARN_EMPTY_BODY = YES;
				CLANG_WARN_ENUM_CONVERSION = YES;
				CLANG_WARN_INFINITE_RECURSION = YES;
				CLANG_WARN_INT_CONVERSION = YES;
				CLANG_WARN_NON_LITERAL_NULL_CONVERSION = YES;
				CLANG_WARN_OBJC_IMPLICIT_RETAIN_SELF = YES;
				CLANG_WARN_OBJC_LITERAL_CONVERSION = YES;
				CLANG_WARN_OBJC_ROOT_CLASS = YES_ERROR;
				CLANG_WARN_RANGE_LOOP_ANALYSIS = YES;
				CLANG_WARN_STRICT_PROTOTYPES = YES;
				CLANG_WARN_SUSPICIOUS_MOVE = YES;
				CLANG_WARN_UNGUARDED_AVAILABILITY = YES_AGGRESSIVE;
				CLANG_WARN_UNREACHABLE_CODE = YES;
				CLANG_WARN__DUPLICATE_METHOD_MATCH = YES;
				CODE_SIGN_IDENTITY = "iPhone Developer";
				COPY_PHASE_STRIP = NO;
				DEBUG_INFORMATION_FORMAT = "dwarf-with-dsym";
				ENABLE_NS_ASSERTIONS = NO;
				ENABLE_STRICT_OBJC_MSGSEND = YES;
				GCC_C_LANGUAGE_STANDARD = gnu11;
				GCC_NO_COMMON_BLOCKS = YES;
				GCC_WARN_64_TO_32_BIT_CONVERSION = YES;
				GCC_WARN_ABOUT_RETURN_TYPE = YES_ERROR;
				GCC_WARN_UNDECLARED_SELECTOR = YES;
				GCC_WARN_UNINITIALIZED_AUTOS = YES_AGGRESSIVE;
				GCC_WARN_UNUSED_FUNCTION = YES;
				GCC_WARN_UNUSED_VARIABLE = YES;
				IPHONEOS_DEPLOYMENT_TARGET = 11.4;
				MTL_ENABLE_DEBUG_INFO = NO;
				SDKROOT = iphoneos;
				SWIFT_COMPILATION_MODE = wholemodule;
				SWIFT_OPTIMIZATION_LEVEL = "-O";
				VALIDATE_PRODUCT = YES;
			};
			name = Release;
		};
		4A1186AC211C109300FB4723 /* Debug */ = {
			isa = XCBuildConfiguration;
			buildSettings = {
				ASSETCATALOG_COMPILER_APPICON_NAME = AppIcon;
				CODE_SIGN_STYLE = Automatic;
				DEVELOPMENT_TEAM = Y276Z8D428;
				INFOPLIST_FILE = OneListen/Info.plist;
				LD_RUNPATH_SEARCH_PATHS = (
					"$(inherited)",
					"@executable_path/Frameworks",
				);
				PRODUCT_BUNDLE_IDENTIFIER = com.ichengsi.OneListen;
				PRODUCT_NAME = "$(TARGET_NAME)";
				SWIFT_VERSION = 4.0;
				TARGETED_DEVICE_FAMILY = "1,2";
			};
			name = Debug;
		};
		4A1186AD211C109300FB4723 /* Release */ = {
			isa = XCBuildConfiguration;
			buildSettings = {
				ASSETCATALOG_COMPILER_APPICON_NAME = AppIcon;
				CODE_SIGN_STYLE = Automatic;
				DEVELOPMENT_TEAM = Y276Z8D428;
				INFOPLIST_FILE = OneListen/Info.plist;
				LD_RUNPATH_SEARCH_PATHS = (
					"$(inherited)",
					"@executable_path/Frameworks",
				);
				PRODUCT_BUNDLE_IDENTIFIER = com.ichengsi.OneListen;
				PRODUCT_NAME = "$(TARGET_NAME)";
				SWIFT_VERSION = 4.0;
				TARGETED_DEVICE_FAMILY = "1,2";
			};
			name = Release;
		};
		4A1186AF211C109300FB4723 /* Debug */ = {
			isa = XCBuildConfiguration;
			buildSettings = {
				ALWAYS_EMBED_SWIFT_STANDARD_LIBRARIES = YES;
				BUNDLE_LOADER = "$(TEST_HOST)";
				CODE_SIGN_STYLE = Automatic;
				DEVELOPMENT_TEAM = Y276Z8D428;
				INFOPLIST_FILE = OneListenTests/Info.plist;
				LD_RUNPATH_SEARCH_PATHS = (
					"$(inherited)",
					"@executable_path/Frameworks",
					"@loader_path/Frameworks",
				);
				PRODUCT_BUNDLE_IDENTIFIER = com.ichengsi.OneListenTests;
				PRODUCT_NAME = "$(TARGET_NAME)";
				SWIFT_VERSION = 4.0;
				TARGETED_DEVICE_FAMILY = "1,2";
				TEST_HOST = "$(BUILT_PRODUCTS_DIR)/OneListen.app/OneListen";
			};
			name = Debug;
		};
		4A1186B0211C109300FB4723 /* Release */ = {
			isa = XCBuildConfiguration;
			buildSettings = {
				ALWAYS_EMBED_SWIFT_STANDARD_LIBRARIES = YES;
				BUNDLE_LOADER = "$(TEST_HOST)";
				CODE_SIGN_STYLE = Automatic;
				DEVELOPMENT_TEAM = Y276Z8D428;
				INFOPLIST_FILE = OneListenTests/Info.plist;
				LD_RUNPATH_SEARCH_PATHS = (
					"$(inherited)",
					"@executable_path/Frameworks",
					"@loader_path/Frameworks",
				);
				PRODUCT_BUNDLE_IDENTIFIER = com.ichengsi.OneListenTests;
				PRODUCT_NAME = "$(TARGET_NAME)";
				SWIFT_VERSION = 4.0;
				TARGETED_DEVICE_FAMILY = "1,2";
				TEST_HOST = "$(BUILT_PRODUCTS_DIR)/OneListen.app/OneListen";
			};
			name = Release;
		};
		4A1186B2211C109300FB4723 /* Debug */ = {
			isa = XCBuildConfiguration;
			buildSettings = {
				ALWAYS_EMBED_SWIFT_STANDARD_LIBRARIES = YES;
				CODE_SIGN_STYLE = Automatic;
				DEVELOPMENT_TEAM = Y276Z8D428;
				INFOPLIST_FILE = OneListenUITests/Info.plist;
				LD_RUNPATH_SEARCH_PATHS = (
					"$(inherited)",
					"@executable_path/Frameworks",
					"@loader_path/Frameworks",
				);
				PRODUCT_BUNDLE_IDENTIFIER = com.ichengsi.OneListenUITests;
				PRODUCT_NAME = "$(TARGET_NAME)";
				SWIFT_VERSION = 4.0;
				TARGETED_DEVICE_FAMILY = "1,2";
				TEST_TARGET_NAME = OneListen;
			};
			name = Debug;
		};
		4A1186B3211C109300FB4723 /* Release */ = {
			isa = XCBuildConfiguration;
			buildSettings = {
				ALWAYS_EMBED_SWIFT_STANDARD_LIBRARIES = YES;
				CODE_SIGN_STYLE = Automatic;
				DEVELOPMENT_TEAM = Y276Z8D428;
				INFOPLIST_FILE = OneListenUITests/Info.plist;
				LD_RUNPATH_SEARCH_PATHS = (
					"$(inherited)",
					"@executable_path/Frameworks",
					"@loader_path/Frameworks",
				);
				PRODUCT_BUNDLE_IDENTIFIER = com.ichengsi.OneListenUITests;
				PRODUCT_NAME = "$(TARGET_NAME)";
				SWIFT_VERSION = 4.0;
				TARGETED_DEVICE_FAMILY = "1,2";
				TEST_TARGET_NAME = OneListen;
			};
			name = Release;
		};
/* End XCBuildConfiguration section */

/* Begin XCConfigurationList section */
		4A11867B211C109100FB4723 /* Build configuration list for PBXProject "OneListen" */ = {
			isa = XCConfigurationList;
			buildConfigurations = (
				4A1186A9211C109300FB4723 /* Debug */,
				4A1186AA211C109300FB4723 /* Release */,
			);
			defaultConfigurationIsVisible = 0;
			defaultConfigurationName = Release;
		};
		4A1186AB211C109300FB4723 /* Build configuration list for PBXNativeTarget "OneListen" */ = {
			isa = XCConfigurationList;
			buildConfigurations = (
				4A1186AC211C109300FB4723 /* Debug */,
				4A1186AD211C109300FB4723 /* Release */,
			);
			defaultConfigurationIsVisible = 0;
			defaultConfigurationName = Release;
		};
		4A1186AE211C109300FB4723 /* Build configuration list for PBXNativeTarget "OneListenTests" */ = {
			isa = XCConfigurationList;
			buildConfigurations = (
				4A1186AF211C109300FB4723 /* Debug */,
				4A1186B0211C109300FB4723 /* Release */,
			);
			defaultConfigurationIsVisible = 0;
			defaultConfigurationName = Release;
		};
		4A1186B1211C109300FB4723 /* Build configuration list for PBXNativeTarget "OneListenUITests" */ = {
			isa = XCConfigurationList;
			buildConfigurations = (
				4A1186B2211C109300FB4723 /* Debug */,
				4A1186B3211C109300FB4723 /* Release */,
			);
			defaultConfigurationIsVisible = 0;
			defaultConfigurationName = Release;
		};
/* End XCConfigurationList section */

/* Begin XCVersionGroup section */
		4A11868A211C109100FB4723 /* OneListen.xcdatamodeld */ = {
			isa = XCVersionGroup;
			children = (
				4A11868B211C109100FB4723 /* OneListen.xcdatamodel */,
			);
			currentVersion = 4A11868B211C109100FB4723 /* OneListen.xcdatamodel */;
			path = OneListen.xcdatamodeld;
			sourceTree = "<group>";
			versionGroupType = wrapper.xcdatamodel;
		};
/* End XCVersionGroup section */
	};
	rootObject = 4A118678211C109100FB4723 /* Project object */;
}
